
Microsoft Visual Studio Solution File, Format Version 12.00
# Visual Studio Version 17
VisualStudioVersion = 17.10.35013.160
MinimumVisualStudioVersion = 10.0.40219.1
Project("{9A19103F-16F7-4668-BE54-9A1E7A4F7556}") = "WebServer", "WebServer\WebServer.csproj", "{E368ED26-0DAA-48A8-B25D-D7B58DDD772F}"
EndProject
Project("{FAE04EC0-301F-11D3-BF4B-00C04F79EFBC}") = "Client App", "Client App\Client App.csproj", "{5FBABF3E-3CA8-4994-8480-6AA470985CA0}"
EndProject
Project("{FAE04EC0-301F-11D3-BF4B-00C04F79EFBC}") = "API Library", "Job Library\API Library.csproj", "{FFE2E2F0-0003-41D4-93FC-60FA3B17BE02}"
EndProject
Global
	GlobalSection(SolutionConfigurationPlatforms) = preSolution
		Debug|Any CPU = Debug|Any CPU
		Release|Any CPU = Release|Any CPU
	EndGlobalSection
	GlobalSection(ProjectConfigurationPlatforms) = postSolution
		{E368ED26-0DAA-48A8-B25D-D7B58DDD772F}.Debug|Any CPU.ActiveCfg = Debug|Any CPU
		{E368ED26-0DAA-48A8-B25D-D7B58DDD772F}.Debug|Any CPU.Build.0 = Debug|Any CPU
		{E368ED26-0DAA-48A8-B25D-D7B58DDD772F}.Release|Any CPU.ActiveCfg = Release|Any CPU
		{E368ED26-0DAA-48A8-B25D-D7B58DDD772F}.Release|Any CPU.Build.0 = Release|Any CPU
		{5FBABF3E-3CA8-4994-8480-6AA470985CA0}.Debug|Any CPU.ActiveCfg = Debug|Any CPU
		{5FBABF3E-3CA8-4994-8480-6AA470985CA0}.Debug|Any CPU.Build.0 = Debug|Any CPU
		{5FBABF3E-3CA8-4994-8480-6AA470985CA0}.Release|Any CPU.ActiveCfg = Release|Any CPU
		{5FBABF3E-3CA8-4994-8480-6AA470985CA0}.Release|Any CPU.Build.0 = Release|Any CPU
		{FFE2E2F0-0003-41D4-93FC-60FA3B17BE02}.Debug|Any CPU.ActiveCfg = Debug|Any CPU
		{FFE2E2F0-0003-41D4-93FC-60FA3B17BE02}.Debug|Any CPU.Build.0 = Debug|Any CPU
		{FFE2E2F0-0003-41D4-93FC-60FA3B17BE02}.Release|Any CPU.ActiveCfg = Release|Any CPU
		{FFE2E2F0-0003-41D4-93FC-60FA3B17BE02}.Release|Any CPU.Build.0 = Release|Any CPU
	EndGlobalSection
	GlobalSection(SolutionProperties) = preSolution
		HideSolutionNode = FALSE
	EndGlobalSection
	GlobalSection(ExtensibilityGlobals) = postSolution
		SolutionGuid = {3A25232F-25DE-463F-94C0-D531041F8979}
	EndGlobalSection
EndGlobal
